
Microsoft Visual Studio Solution File, Format Version 12.00
# Visual Studio Version 17
VisualStudioVersion = 17.3.32922.545
MinimumVisualStudioVersion = 10.0.40219.1
Project("{9A19103F-16F7-4668-BE54-9A1E7A4F7556}") = "esWordle", "esWordle\esWordle.csproj", "{99486F9D-AAC4-45AB-BA19-07EA10C57040}"
EndProject
Project("{FAE04EC0-301F-11D3-BF4B-00C04F79EFBC}") = "DataAccess", "DataAccess\DataAccess.csproj", "{C69FCE5B-1B58-4149-BDFC-143808A40331}"
EndProject
Global
	GlobalSection(SolutionConfigurationPlatforms) = preSolution
		Debug|Any CPU = Debug|Any CPU
		Release|Any CPU = Release|Any CPU
	EndGlobalSection
	GlobalSection(ProjectConfigurationPlatforms) = postSolution
		{99486F9D-AAC4-45AB-BA19-07EA10C57040}.Debug|Any CPU.ActiveCfg = Debug|Any CPU
		{99486F9D-AAC4-45AB-BA19-07EA10C57040}.Debug|Any CPU.Build.0 = Debug|Any CPU
		{99486F9D-AAC4-45AB-BA19-07EA10C57040}.Release|Any CPU.ActiveCfg = Release|Any CPU
		{99486F9D-AAC4-45AB-BA19-07EA10C57040}.Release|Any CPU.Build.0 = Release|Any CPU
		{C69FCE5B-1B58-4149-BDFC-143808A40331}.Debug|Any CPU.ActiveCfg = Debug|Any CPU
		{C69FCE5B-1B58-4149-BDFC-143808A40331}.Debug|Any CPU.Build.0 = Debug|Any CPU
		{C69FCE5B-1B58-4149-BDFC-143808A40331}.Release|Any CPU.ActiveCfg = Release|Any CPU
		{C69FCE5B-1B58-4149-BDFC-143808A40331}.Release|Any CPU.Build.0 = Release|Any CPU
	EndGlobalSection
	GlobalSection(SolutionProperties) = preSolution
		HideSolutionNode = FALSE
	EndGlobalSection
	GlobalSection(ExtensibilityGlobals) = postSolution
		SolutionGuid = {A9EFE1DB-EF93-426A-A6CF-ABC7BB611CA9}
	EndGlobalSection
EndGlobal
